
Microsoft Visual Studio Solution File, Format Version 12.00
# Visual Studio Version 17
VisualStudioVersion = 17.7.34003.232
MinimumVisualStudioVersion = 10.0.40219.1
Project("{FAE04EC0-301F-11D3-BF4B-00C04F79EFBC}") = "MauiWithAPI.API", "MauiWithAPI.API\MauiWithAPI.API.csproj", "{9CA79B2D-044D-4716-91CE-90842AC95FFA}"
EndProject
Global
	GlobalSection(SolutionConfigurationPlatforms) = preSolution
		Debug|Any CPU = Debug|Any CPU
		Release|Any CPU = Release|Any CPU
	EndGlobalSection
	GlobalSection(ProjectConfigurationPlatforms) = postSolution
		{9CA79B2D-044D-4716-91CE-90842AC95FFA}.Debug|Any CPU.ActiveCfg = Debug|Any CPU
		{9CA79B2D-044D-4716-91CE-90842AC95FFA}.Debug|Any CPU.Build.0 = Debug|Any CPU
		{9CA79B2D-044D-4716-91CE-90842AC95FFA}.Release|Any CPU.ActiveCfg = Release|Any CPU
		{9CA79B2D-044D-4716-91CE-90842AC95FFA}.Release|Any CPU.Build.0 = Release|Any CPU
	EndGlobalSection
	GlobalSection(SolutionProperties) = preSolution
		HideSolutionNode = FALSE
	EndGlobalSection
	GlobalSection(ExtensibilityGlobals) = postSolution
		SolutionGuid = {A5B7798A-3FAB-42C5-A8C6-59DD78B48E40}
	EndGlobalSection
EndGlobal
